// !$*UTF8*$!
{
	archiveVersion = 1;
	classes = {
	};
	objectVersion = 50;
	objects = {

/* Begin PBXBuildFile section */
		034F1C5E24FEF32B009A1480 /* AppDelegate.swift in Sources */ = {isa = PBXBuildFile; fileRef = 034F1C5D24FEF32B009A1480 /* AppDelegate.swift */; };
		034F1C6024FEF32B009A1480 /* SceneDelegate.swift in Sources */ = {isa = PBXBuildFile; fileRef = 034F1C5F24FEF32B009A1480 /* SceneDelegate.swift */; };
		034F1C6224FEF32B009A1480 /* ViewController.swift in Sources */ = {isa = PBXBuildFile; fileRef = 034F1C6124FEF32B009A1480 /* ViewController.swift */; };
		034F1C6524FEF32B009A1480 /* Main.storyboard in Resources */ = {isa = PBXBuildFile; fileRef = 034F1C6324FEF32B009A1480 /* Main.storyboard */; };
		034F1C6724FEF32E009A1480 /* Assets.xcassets in Resources */ = {isa = PBXBuildFile; fileRef = 034F1C6624FEF32E009A1480 /* Assets.xcassets */; };
		034F1C6A24FEF32E009A1480 /* LaunchScreen.storyboard in Resources */ = {isa = PBXBuildFile; fileRef = 034F1C6824FEF32E009A1480 /* LaunchScreen.storyboard */; };
		034F1C7524FEF32E009A1480 /* FlixAppTests.swift in Sources */ = {isa = PBXBuildFile; fileRef = 034F1C7424FEF32E009A1480 /* FlixAppTests.swift */; };
		034F1C8024FEF32E009A1480 /* FlixAppUITests.swift in Sources */ = {isa = PBXBuildFile; fileRef = 034F1C7F24FEF32E009A1480 /* FlixAppUITests.swift */; };
		034F1C8E24FEF73C009A1480 /* MoviesViewController.swift in Sources */ = {isa = PBXBuildFile; fileRef = 034F1C8D24FEF73C009A1480 /* MoviesViewController.swift */; };
		034F1C9025008C79009A1480 /* MovieCell.swift in Sources */ = {isa = PBXBuildFile; fileRef = 034F1C8F25008C79009A1480 /* MovieCell.swift */; };
		0CD0BE3FC04DAC03067614CC /* Pods_FlixAppUITests.framework in Frameworks */ = {isa = PBXBuildFile; fileRef = 8427607135EFF7036E64A91F /* Pods_FlixAppUITests.framework */; };
		9B0366C57D655F27994463E5 /* Pods_FlixAppTests.framework in Frameworks */ = {isa = PBXBuildFile; fileRef = 40DA7F7A0FA409BAE676C3AD /* Pods_FlixAppTests.framework */; };
		E2283099FCF741CA2BCFD222 /* Pods_FlixApp.framework in Frameworks */ = {isa = PBXBuildFile; fileRef = C6F97EDEBFCF363BA4910912 /* Pods_FlixApp.framework */; };
/* End PBXBuildFile section */

/* Begin PBXContainerItemProxy section */
		034F1C7124FEF32E009A1480 /* PBXContainerItemProxy */ = {
			isa = PBXContainerItemProxy;
			containerPortal = 034F1C5224FEF32B009A1480 /* Project object */;
			proxyType = 1;
			remoteGlobalIDString = 034F1C5924FEF32B009A1480;
			remoteInfo = FlixApp;
		};
		034F1C7C24FEF32E009A1480 /* PBXContainerItemProxy */ = {
			isa = PBXContainerItemProxy;
			containerPortal = 034F1C5224FEF32B009A1480 /* Project object */;
			proxyType = 1;
			remoteGlobalIDString = 034F1C5924FEF32B009A1480;
			remoteInfo = FlixApp;
		};
/* End PBXContainerItemProxy section */

/* Begin PBXFileReference section */
		034F1C5A24FEF32B009A1480 /* FlixApp.app */ = {isa = PBXFileReference; explicitFileType = wrapper.application; includeInIndex = 0; path = FlixApp.app; sourceTree = BUILT_PRODUCTS_DIR; };
		034F1C5D24FEF32B009A1480 /* AppDelegate.swift */ = {isa = PBXFileReference; lastKnownFileType = sourcecode.swift; path = AppDelegate.swift; sourceTree = "<group>"; };
		034F1C5F24FEF32B009A1480 /* SceneDelegate.swift */ = {isa = PBXFileReference; lastKnownFileType = sourcecode.swift; path = SceneDelegate.swift; sourceTree = "<group>"; };
		034F1C6124FEF32B009A1480 /* ViewController.swift */ = {isa = PBXFileReference; lastKnownFileType = sourcecode.swift; path = ViewController.swift; sourceTree = "<group>"; };
		034F1C6424FEF32B009A1480 /* Base */ = {isa = PBXFileReference; lastKnownFileType = file.storyboard; name = Base; path = Base.lproj/Main.storyboard; sourceTree = "<group>"; };
		034F1C6624FEF32E009A1480 /* Assets.xcassets */ = {isa = PBXFileReference; lastKnownFileType = folder.assetcatalog; path = Assets.xcassets; sourceTree = "<group>"; };
		034F1C6924FEF32E009A1480 /* Base */ = {isa = PBXFileReference; lastKnownFileType = file.storyboard; name = Base; path = Base.lproj/LaunchScreen.storyboard; sourceTree = "<group>"; };
		034F1C6B24FEF32E009A1480 /* Info.plist */ = {isa = PBXFileReference; lastKnownFileType = text.plist.xml; path = Info.plist; sourceTree = "<group>"; };
		034F1C7024FEF32E009A1480 /* FlixAppTests.xctest */ = {isa = PBXFileReference; explicitFileType = wrapper.cfbundle; includeInIndex = 0; path = FlixAppTests.xctest; sourceTree = BUILT_PRODUCTS_DIR; };
		034F1C7424FEF32E009A1480 /* FlixAppTests.swift */ = {isa = PBXFileReference; lastKnownFileType = sourcecode.swift; path = FlixAppTests.swift; sourceTree = "<group>"; };
		034F1C7624FEF32E009A1480 /* Info.plist */ = {isa = PBXFileReference; lastKnownFileType = text.plist.xml; path = Info.plist; sourceTree = "<group>"; };
		034F1C7B24FEF32E009A1480 /* FlixAppUITests.xctest */ = {isa = PBXFileReference; explicitFileType = wrapper.cfbundle; includeInIndex = 0; path = FlixAppUITests.xctest; sourceTree = BUILT_PRODUCTS_DIR; };
		034F1C7F24FEF32E009A1480 /* FlixAppUITests.swift */ = {isa = PBXFileReference; lastKnownFileType = sourcecode.swift; path = FlixAppUITests.swift; sourceTree = "<group>"; };
		034F1C8124FEF32E009A1480 /* Info.plist */ = {isa = PBXFileReference; lastKnownFileType = text.plist.xml; path = Info.plist; sourceTree = "<group>"; };
		034F1C8D24FEF73C009A1480 /* MoviesViewController.swift */ = {isa = PBXFileReference; lastKnownFileType = sourcecode.swift; path = MoviesViewController.swift; sourceTree = "<group>"; };
		034F1C8F25008C79009A1480 /* MovieCell.swift */ = {isa = PBXFileReference; lastKnownFileType = sourcecode.swift; path = MovieCell.swift; sourceTree = "<group>"; };
		0FF8EE8F02D8897E973D82BA /* Pods-FlixAppUITests.debug.xcconfig */ = {isa = PBXFileReference; includeInIndex = 1; lastKnownFileType = text.xcconfig; name = "Pods-FlixAppUITests.debug.xcconfig"; path = "Target Support Files/Pods-FlixAppUITests/Pods-FlixAppUITests.debug.xcconfig"; sourceTree = "<group>"; };
		33A930753102AF71C9904B80 /* Pods-FlixAppTests.debug.xcconfig */ = {isa = PBXFileReference; includeInIndex = 1; lastKnownFileType = text.xcconfig; name = "Pods-FlixAppTests.debug.xcconfig"; path = "Target Support Files/Pods-FlixAppTests/Pods-FlixAppTests.debug.xcconfig"; sourceTree = "<group>"; };
		40DA7F7A0FA409BAE676C3AD /* Pods_FlixAppTests.framework */ = {isa = PBXFileReference; explicitFileType = wrapper.framework; includeInIndex = 0; path = Pods_FlixAppTests.framework; sourceTree = BUILT_PRODUCTS_DIR; };
		8427607135EFF7036E64A91F /* Pods_FlixAppUITests.framework */ = {isa = PBXFileReference; explicitFileType = wrapper.framework; includeInIndex = 0; path = Pods_FlixAppUITests.framework; sourceTree = BUILT_PRODUCTS_DIR; };
		9A99192E8E3A3DDF7D03D9F2 /* Pods-FlixAppUITests.release.xcconfig */ = {isa = PBXFileReference; includeInIndex = 1; lastKnownFileType = text.xcconfig; name = "Pods-FlixAppUITests.release.xcconfig"; path = "Target Support Files/Pods-FlixAppUITests/Pods-FlixAppUITests.release.xcconfig"; sourceTree = "<group>"; };
		BAD7869E8B83AEF3DB29A67A /* Pods-FlixApp.release.xcconfig */ = {isa = PBXFileReference; includeInIndex = 1; lastKnownFileType = text.xcconfig; name = "Pods-FlixApp.release.xcconfig"; path = "Target Support Files/Pods-FlixApp/Pods-FlixApp.release.xcconfig"; sourceTree = "<group>"; };
		C2AB51EE14F85A9E6674FA97 /* Pods-FlixApp.debug.xcconfig */ = {isa = PBXFileReference; includeInIndex = 1; lastKnownFileType = text.xcconfig; name = "Pods-FlixApp.debug.xcconfig"; path = "Target Support Files/Pods-FlixApp/Pods-FlixApp.debug.xcconfig"; sourceTree = "<group>"; };
		C6F97EDEBFCF363BA4910912 /* Pods_FlixApp.framework */ = {isa = PBXFileReference; explicitFileType = wrapper.framework; includeInIndex = 0; path = Pods_FlixApp.framework; sourceTree = BUILT_PRODUCTS_DIR; };
		C8419D73233CFFBF4EAB8CC3 /* Pods-FlixAppTests.release.xcconfig */ = {isa = PBXFileReference; includeInIndex = 1; lastKnownFileType = text.xcconfig; name = "Pods-FlixAppTests.release.xcconfig"; path = "Target Support Files/Pods-FlixAppTests/Pods-FlixAppTests.release.xcconfig"; sourceTree = "<group>"; };
/* End PBXFileReference section */

/* Begin PBXFrameworksBuildPhase section */
		034F1C5724FEF32B009A1480 /* Frameworks */ = {
			isa = PBXFrameworksBuildPhase;
			buildActionMask = 2147483647;
			files = (
				E2283099FCF741CA2BCFD222 /* Pods_FlixApp.framework in Frameworks */,
			);
			runOnlyForDeploymentPostprocessing = 0;
		};
		034F1C6D24FEF32E009A1480 /* Frameworks */ = {
			isa = PBXFrameworksBuildPhase;
			buildActionMask = 2147483647;
			files = (
				9B0366C57D655F27994463E5 /* Pods_FlixAppTests.framework in Frameworks */,
			);
			runOnlyForDeploymentPostprocessing = 0;
		};
		034F1C7824FEF32E009A1480 /* Frameworks */ = {
			isa = PBXFrameworksBuildPhase;
			buildActionMask = 2147483647;
			files = (
				0CD0BE3FC04DAC03067614CC /* Pods_FlixAppUITests.framework in Frameworks */,
			);
			runOnlyForDeploymentPostprocessing = 0;
		};
/* End PBXFrameworksBuildPhase section */

/* Begin PBXGroup section */
		034F1C5124FEF32B009A1480 = {
			isa = PBXGroup;
			children = (
				034F1C8F25008C79009A1480 /* MovieCell.swift */,
				034F1C5C24FEF32B009A1480 /* FlixApp */,
				034F1C7324FEF32E009A1480 /* FlixAppTests */,
				034F1C7E24FEF32E009A1480 /* FlixAppUITests */,
				034F1C5B24FEF32B009A1480 /* Products */,
				5EE0B3AC121DD8B664F50DF3 /* Pods */,
				D18F52393E913D71809541B0 /* Frameworks */,
			);
			sourceTree = "<group>";
		};
		034F1C5B24FEF32B009A1480 /* Products */ = {
			isa = PBXGroup;
			children = (
				034F1C5A24FEF32B009A1480 /* FlixApp.app */,
				034F1C7024FEF32E009A1480 /* FlixAppTests.xctest */,
				034F1C7B24FEF32E009A1480 /* FlixAppUITests.xctest */,
			);
			name = Products;
			sourceTree = "<group>";
		};
		034F1C5C24FEF32B009A1480 /* FlixApp */ = {
			isa = PBXGroup;
			children = (
				034F1C5D24FEF32B009A1480 /* AppDelegate.swift */,
				034F1C5F24FEF32B009A1480 /* SceneDelegate.swift */,
				034F1C6124FEF32B009A1480 /* ViewController.swift */,
				034F1C6324FEF32B009A1480 /* Main.storyboard */,
				034F1C6624FEF32E009A1480 /* Assets.xcassets */,
				034F1C6824FEF32E009A1480 /* LaunchScreen.storyboard */,
				034F1C6B24FEF32E009A1480 /* Info.plist */,
				034F1C8D24FEF73C009A1480 /* MoviesViewController.swift */,
			);
			path = FlixApp;
			sourceTree = "<group>";
		};
		034F1C7324FEF32E009A1480 /* FlixAppTests */ = {
			isa = PBXGroup;
			children = (
				034F1C7424FEF32E009A1480 /* FlixAppTests.swift */,
				034F1C7624FEF32E009A1480 /* Info.plist */,
			);
			path = FlixAppTests;
			sourceTree = "<group>";
		};
		034F1C7E24FEF32E009A1480 /* FlixAppUITests */ = {
			isa = PBXGroup;
			children = (
				034F1C7F24FEF32E009A1480 /* FlixAppUITests.swift */,
				034F1C8124FEF32E009A1480 /* Info.plist */,
			);
			path = FlixAppUITests;
			sourceTree = "<group>";
		};
		5EE0B3AC121DD8B664F50DF3 /* Pods */ = {
			isa = PBXGroup;
			children = (
				C2AB51EE14F85A9E6674FA97 /* Pods-FlixApp.debug.xcconfig */,
				BAD7869E8B83AEF3DB29A67A /* Pods-FlixApp.release.xcconfig */,
				33A930753102AF71C9904B80 /* Pods-FlixAppTests.debug.xcconfig */,
				C8419D73233CFFBF4EAB8CC3 /* Pods-FlixAppTests.release.xcconfig */,
				0FF8EE8F02D8897E973D82BA /* Pods-FlixAppUITests.debug.xcconfig */,
				9A99192E8E3A3DDF7D03D9F2 /* Pods-FlixAppUITests.release.xcconfig */,
			);
			name = Pods;
			path = Pods;
			sourceTree = "<group>";
		};
		D18F52393E913D71809541B0 /* Frameworks */ = {
			isa = PBXGroup;
			children = (
				C6F97EDEBFCF363BA4910912 /* Pods_FlixApp.framework */,
				40DA7F7A0FA409BAE676C3AD /* Pods_FlixAppTests.framework */,
				8427607135EFF7036E64A91F /* Pods_FlixAppUITests.framework */,
			);
			name = Frameworks;
			sourceTree = "<group>";
		};
/* End PBXGroup section */

/* Begin PBXNativeTarget section */
		034F1C5924FEF32B009A1480 /* FlixApp */ = {
			isa = PBXNativeTarget;
			buildConfigurationList = 034F1C8424FEF32E009A1480 /* Build configuration list for PBXNativeTarget "FlixApp" */;
			buildPhases = (
				0C02E2FB5614CF28B11A6D3D /* [CP] Check Pods Manifest.lock */,
				034F1C5624FEF32B009A1480 /* Sources */,
				034F1C5724FEF32B009A1480 /* Frameworks */,
				034F1C5824FEF32B009A1480 /* Resources */,
				EA682B3DAE1F804677204A7D /* [CP] Embed Pods Frameworks */,
			);
			buildRules = (
			);
			dependencies = (
			);
			name = FlixApp;
			productName = FlixApp;
			productReference = 034F1C5A24FEF32B009A1480 /* FlixApp.app */;
			productType = "com.apple.product-type.application";
		};
		034F1C6F24FEF32E009A1480 /* FlixAppTests */ = {
			isa = PBXNativeTarget;
			buildConfigurationList = 034F1C8724FEF32E009A1480 /* Build configuration list for PBXNativeTarget "FlixAppTests" */;
			buildPhases = (
				E5A292A697BE8D595591A9A1 /* [CP] Check Pods Manifest.lock */,
				034F1C6C24FEF32E009A1480 /* Sources */,
				034F1C6D24FEF32E009A1480 /* Frameworks */,
				034F1C6E24FEF32E009A1480 /* Resources */,
			);
			buildRules = (
			);
			dependencies = (
				034F1C7224FEF32E009A1480 /* PBXTargetDependency */,
			);
			name = FlixAppTests;
			productName = FlixAppTests;
			productReference = 034F1C7024FEF32E009A1480 /* FlixAppTests.xctest */;
			productType = "com.apple.product-type.bundle.unit-test";
		};
		034F1C7A24FEF32E009A1480 /* FlixAppUITests */ = {
			isa = PBXNativeTarget;
			buildConfigurationList = 034F1C8A24FEF32E009A1480 /* Build configuration list for PBXNativeTarget "FlixAppUITests" */;
			buildPhases = (
				0FB1675119FA697DC2E5B367 /* [CP] Check Pods Manifest.lock */,
				034F1C7724FEF32E009A1480 /* Sources */,
				034F1C7824FEF32E009A1480 /* Frameworks */,
				034F1C7924FEF32E009A1480 /* Resources */,
			);
			buildRules = (
			);
			dependencies = (
				034F1C7D24FEF32E009A1480 /* PBXTargetDependency */,
			);
			name = FlixAppUITests;
			productName = FlixAppUITests;
			productReference = 034F1C7B24FEF32E009A1480 /* FlixAppUITests.xctest */;
			productType = "com.apple.product-type.bundle.ui-testing";
		};
/* End PBXNativeTarget section */

/* Begin PBXProject section */
		034F1C5224FEF32B009A1480 /* Project object */ = {
			isa = PBXProject;
			attributes = {
				LastSwiftUpdateCheck = 1160;
				LastUpgradeCheck = 1160;
				ORGANIZATIONNAME = "Joshua Barrios";
				TargetAttributes = {
					034F1C5924FEF32B009A1480 = {
						CreatedOnToolsVersion = 11.6;
					};
					034F1C6F24FEF32E009A1480 = {
						CreatedOnToolsVersion = 11.6;
						TestTargetID = 034F1C5924FEF32B009A1480;
					};
					034F1C7A24FEF32E009A1480 = {
						CreatedOnToolsVersion = 11.6;
						TestTargetID = 034F1C5924FEF32B009A1480;
					};
				};
			};
			buildConfigurationList = 034F1C5524FEF32B009A1480 /* Build configuration list for PBXProject "FlixApp" */;
			compatibilityVersion = "Xcode 9.3";
			developmentRegion = en;
			hasScannedForEncodings = 0;
			knownRegions = (
				en,
				Base,
			);
			mainGroup = 034F1C5124FEF32B009A1480;
			productRefGroup = 034F1C5B24FEF32B009A1480 /* Products */;
			projectDirPath = "";
			projectRoot = "";
			targets = (
				034F1C5924FEF32B009A1480 /* FlixApp */,
				034F1C6F24FEF32E009A1480 /* FlixAppTests */,
				034F1C7A24FEF32E009A1480 /* FlixAppUITests */,
			);
		};
/* End PBXProject section */

/* Begin PBXResourcesBuildPhase section */
		034F1C5824FEF32B009A1480 /* Resources */ = {
			isa = PBXResourcesBuildPhase;
			buildActionMask = 2147483647;
			files = (
				034F1C6A24FEF32E009A1480 /* LaunchScreen.storyboard in Resources */,
				034F1C6724FEF32E009A1480 /* Assets.xcassets in Resources */,
				034F1C6524FEF32B009A1480 /* Main.storyboard in Resources */,
			);
			runOnlyForDeploymentPostprocessing = 0;
		};
		034F1C6E24FEF32E009A1480 /* Resources */ = {
			isa = PBXResourcesBuildPhase;
			buildActionMask = 2147483647;
			files = (
			);
			runOnlyForDeploymentPostprocessing = 0;
		};
		034F1C7924FEF32E009A1480 /* Resources */ = {
			isa = PBXResourcesBuildPhase;
			buildActionMask = 2147483647;
			files = (
			);
			runOnlyForDeploymentPostprocessing = 0;
		};
/* End PBXResourcesBuildPhase section */

/* Begin PBXShellScriptBuildPhase section */
		0C02E2FB5614CF28B11A6D3D /* [CP] Check Pods Manifest.lock */ = {
			isa = PBXShellScriptBuildPhase;
			buildActionMask = 2147483647;
			files = (
			);
			inputFileListPaths = (
			);
			inputPaths = (
				"${PODS_PODFILE_DIR_PATH}/Podfile.lock",
				"${PODS_ROOT}/Manifest.lock",
			);
			name = "[CP] Check Pods Manifest.lock";
			outputFileListPaths = (
			);
			outputPaths = (
				"$(DERIVED_FILE_DIR)/Pods-FlixApp-checkManifestLockResult.txt",
			);
			runOnlyForDeploymentPostprocessing = 0;
			shellPath = /bin/sh;
			shellScript = "diff \"${PODS_PODFILE_DIR_PATH}/Podfile.lock\" \"${PODS_ROOT}/Manifest.lock\" > /dev/null\nif [ $? != 0 ] ; then\n    # print error to STDERR\n    echo \"error: The sandbox is not in sync with the Podfile.lock. Run 'pod install' or update your CocoaPods installation.\" >&2\n    exit 1\nfi\n# This output is used by Xcode 'outputs' to avoid re-running this script phase.\necho \"SUCCESS\" > \"${SCRIPT_OUTPUT_FILE_0}\"\n";
			showEnvVarsInLog = 0;
		};
		0FB1675119FA697DC2E5B367 /* [CP] Check Pods Manifest.lock */ = {
			isa = PBXShellScriptBuildPhase;
			buildActionMask = 2147483647;
			files = (
			);
			inputFileListPaths = (
			);
			inputPaths = (
				"${PODS_PODFILE_DIR_PATH}/Podfile.lock",
				"${PODS_ROOT}/Manifest.lock",
			);
			name = "[CP] Check Pods Manifest.lock";
			outputFileListPaths = (
			);
			outputPaths = (
				"$(DERIVED_FILE_DIR)/Pods-FlixAppUITests-checkManifestLockResult.txt",
			);
			runOnlyForDeploymentPostprocessing = 0;
			shellPath = /bin/sh;
			shellScript = "diff \"${PODS_PODFILE_DIR_PATH}/Podfile.lock\" \"${PODS_ROOT}/Manifest.lock\" > /dev/null\nif [ $? != 0 ] ; then\n    # print error to STDERR\n    echo \"error: The sandbox is not in sync with the Podfile.lock. Run 'pod install' or update your CocoaPods installation.\" >&2\n    exit 1\nfi\n# This output is used by Xcode 'outputs' to avoid re-running this script phase.\necho \"SUCCESS\" > \"${SCRIPT_OUTPUT_FILE_0}\"\n";
			showEnvVarsInLog = 0;
		};
		E5A292A697BE8D595591A9A1 /* [CP] Check Pods Manifest.lock */ = {
			isa = PBXShellScriptBuildPhase;
			buildActionMask = 2147483647;
			files = (
			);
			inputFileListPaths = (
			);
			inputPaths = (
				"${PODS_PODFILE_DIR_PATH}/Podfile.lock",
				"${PODS_ROOT}/Manifest.lock",
			);
			name = "[CP] Check Pods Manifest.lock";
			outputFileListPaths = (
			);
			outputPaths = (
				"$(DERIVED_FILE_DIR)/Pods-FlixAppTests-checkManifestLockResult.txt",
			);
			runOnlyForDeploymentPostprocessing = 0;
			shellPath = /bin/sh;
			shellScript = "diff \"${PODS_PODFILE_DIR_PATH}/Podfile.lock\" \"${PODS_ROOT}/Manifest.lock\" > /dev/null\nif [ $? != 0 ] ; then\n    # print error to STDERR\n    echo \"error: The sandbox is not in sync with the Podfile.lock. Run 'pod install' or update your CocoaPods installation.\" >&2\n    exit 1\nfi\n# This output is used by Xcode 'outputs' to avoid re-running this script phase.\necho \"SUCCESS\" > \"${SCRIPT_OUTPUT_FILE_0}\"\n";
			showEnvVarsInLog = 0;
		};
		EA682B3DAE1F804677204A7D /* [CP] Embed Pods Frameworks */ = {
			isa = PBXShellScriptBuildPhase;
			buildActionMask = 2147483647;
			files = (
			);
			inputFileListPaths = (
				"${PODS_ROOT}/Target Support Files/Pods-FlixApp/Pods-FlixApp-frameworks-${CONFIGURATION}-input-files.xcfilelist",
			);
			name = "[CP] Embed Pods Frameworks";
			outputFileListPaths = (
				"${PODS_ROOT}/Target Support Files/Pods-FlixApp/Pods-FlixApp-frameworks-${CONFIGURATION}-output-files.xcfilelist",
			);
			runOnlyForDeploymentPostprocessing = 0;
			shellPath = /bin/sh;
			shellScript = "\"${PODS_ROOT}/Target Support Files/Pods-FlixApp/Pods-FlixApp-frameworks.sh\"\n";
			showEnvVarsInLog = 0;
		};
/* End PBXShellScriptBuildPhase section */

/* Begin PBXSourcesBuildPhase section */
		034F1C5624FEF32B009A1480 /* Sources */ = {
			isa = PBXSourcesBuildPhase;
			buildActionMask = 2147483647;
			files = (
				034F1C6224FEF32B009A1480 /* ViewController.swift in Sources */,
				034F1C5E24FEF32B009A1480 /* AppDelegate.swift in Sources */,
				034F1C6024FEF32B009A1480 /* SceneDelegate.swift in Sources */,
				034F1C9025008C79009A1480 /* MovieCell.swift in Sources */,
				034F1C8E24FEF73C009A1480 /* MoviesViewController.swift in Sources */,
			);
			runOnlyForDeploymentPostprocessing = 0;
		};
		034F1C6C24FEF32E009A1480 /* Sources */ = {
			isa = PBXSourcesBuildPhase;
			buildActionMask = 2147483647;
			files = (
				034F1C7524FEF32E009A1480 /* FlixAppTests.swift in Sources */,
			);
			runOnlyForDeploymentPostprocessing = 0;
		};
		034F1C7724FEF32E009A1480 /* Sources */ = {
			isa = PBXSourcesBuildPhase;
			buildActionMask = 2147483647;
			files = (
				034F1C8024FEF32E009A1480 /* FlixAppUITests.swift in Sources */,
			);
			runOnlyForDeploymentPostprocessing = 0;
		};
/* End PBXSourcesBuildPhase section */

/* Begin PBXTargetDependency section */
		034F1C7224FEF32E009A1480 /* PBXTargetDependency */ = {
			isa = PBXTargetDependency;
			target = 034F1C5924FEF32B009A1480 /* FlixApp */;
			targetProxy = 034F1C7124FEF32E009A1480 /* PBXContainerItemProxy */;
		};
		034F1C7D24FEF32E009A1480 /* PBXTargetDependency */ = {
			isa = PBXTargetDependency;
			target = 034F1C5924FEF32B009A1480 /* FlixApp */;
			targetProxy = 034F1C7C24FEF32E009A1480 /* PBXContainerItemProxy */;
		};
/* End PBXTargetDependency section */

/* Begin PBXVariantGroup section */
		034F1C6324FEF32B009A1480 /* Main.storyboard */ = {
			isa = PBXVariantGroup;
			children = (
				034F1C6424FEF32B009A1480 /* Base */,
			);
			name = Main.storyboard;
			sourceTree = "<group>";
		};
		034F1C6824FEF32E009A1480 /* LaunchScreen.storyboard */ = {
			isa = PBXVariantGroup;
			children = (
				034F1C6924FEF32E009A1480 /* Base */,
			);
			name = LaunchScreen.storyboard;
			sourceTree = "<group>";
		};
/* End PBXVariantGroup section */

/* Begin XCBuildConfiguration section */
		034F1C8224FEF32E009A1480 /* Debug */ = {
			isa = XCBuildConfiguration;
			buildSettings = {
				ALWAYS_SEARCH_USER_PATHS = NO;
				CLANG_ANALYZER_NONNULL = YES;
				CLANG_ANALYZER_NUMBER_OBJECT_CONVERSION = YES_AGGRESSIVE;
				CLANG_CXX_LANGUAGE_STANDARD = "gnu++14";
				CLANG_CXX_LIBRARY = "libc++";
				CLANG_ENABLE_MODULES = YES;
				CLANG_ENABLE_OBJC_ARC = YES;
				CLANG_ENABLE_OBJC_WEAK = YES;
				CLANG_WARN_BLOCK_CAPTURE_AUTORELEASING = YES;
				CLANG_WARN_BOOL_CONVERSION = YES;
				CLANG_WARN_COMMA = YES;
				CLANG_WARN_CONSTANT_CONVERSION = YES;
				CLANG_WARN_DEPRECATED_OBJC_IMPLEMENTATIONS = YES;
				CLANG_WARN_DIRECT_OBJC_ISA_USAGE = YES_ERROR;
				CLANG_WARN_DOCUMENTATION_COMMENTS = YES;
				CLANG_WARN_EMPTY_BODY = YES;
				CLANG_WARN_ENUM_CONVERSION = YES;
				CLANG_WARN_INFINITE_RECURSION = YES;
				CLANG_WARN_INT_CONVERSION = YES;
				CLANG_WARN_NON_LITERAL_NULL_CONVERSION = YES;
				CLANG_WARN_OBJC_IMPLICIT_RETAIN_SELF = YES;
				CLANG_WARN_OBJC_LITERAL_CONVERSION = YES;
				CLANG_WARN_OBJC_ROOT_CLASS = YES_ERROR;
				CLANG_WARN_RANGE_LOOP_ANALYSIS = YES;
				CLANG_WARN_STRICT_PROTOTYPES = YES;
				CLANG_WARN_SUSPICIOUS_MOVE = YES;
				CLANG_WARN_UNGUARDED_AVAILABILITY = YES_AGGRESSIVE;
				CLANG_WARN_UNREACHABLE_CODE = YES;
				CLANG_WARN__DUPLICATE_METHOD_MATCH = YES;
				COPY_PHASE_STRIP = NO;
				DEBUG_INFORMATION_FORMAT = dwarf;
				ENABLE_STRICT_OBJC_MSGSEND = YES;
				ENABLE_TESTABILITY = YES;
				GCC_C_LANGUAGE_STANDARD = gnu11;
				GCC_DYNAMIC_NO_PIC = NO;
				GCC_NO_COMMON_BLOCKS = YES;
				GCC_OPTIMIZATION_LEVEL = 0;
				GCC_PREPROCESSOR_DEFINITIONS = (
					"DEBUG=1",
					"$(inherited)",
				);
				GCC_WARN_64_TO_32_BIT_CONVERSION = YES;
				GCC_WARN_ABOUT_RETURN_TYPE = YES_ERROR;
				GCC_WARN_UNDECLARED_SELECTOR = YES;
				GCC_WARN_UNINITIALIZED_AUTOS = YES_AGGRESSIVE;
				GCC_WARN_UNUSED_FUNCTION = YES;
				GCC_WARN_UNUSED_VARIABLE = YES;
				IPHONEOS_DEPLOYMENT_TARGET = 13.6;
				MTL_ENABLE_DEBUG_INFO = INCLUDE_SOURCE;
				MTL_FAST_MATH = YES;
				ONLY_ACTIVE_ARCH = YES;
				SDKROOT = iphoneos;
				SWIFT_ACTIVE_COMPILATION_CONDITIONS = DEBUG;
				SWIFT_OPTIMIZATION_LEVEL = "-Onone";
			};
			name = Debug;
		};
		034F1C8324FEF32E009A1480 /* Release */ = {
			isa = XCBuildConfiguration;
			buildSettings = {
				ALWAYS_SEARCH_USER_PATHS = NO;
				CLANG_ANALYZER_NONNULL = YES;
				CLANG_ANALYZER_NUMBER_OBJECT_CONVERSION = YES_AGGRESSIVE;
				CLANG_CXX_LANGUAGE_STANDARD = "gnu++14";
				CLANG_CXX_LIBRARY = "libc++";
				CLANG_ENABLE_MODULES = YES;
				CLANG_ENABLE_OBJC_ARC = YES;
				CLANG_ENABLE_OBJC_WEAK = YES;
				CLANG_WARN_BLOCK_CAPTURE_AUTORELEASING = YES;
				CLANG_WARN_BOOL_CONVERSION = YES;
				CLANG_WARN_COMMA = YES;
				CLANG_WARN_CONSTANT_CONVERSION = YES;
				CLANG_WARN_DEPRECATED_OBJC_IMPLEMENTATIONS = YES;
				CLANG_WARN_DIRECT_OBJC_ISA_USAGE = YES_ERROR;
				CLANG_WARN_DOCUMENTATION_COMMENTS = YES;
				CLANG_WARN_EMPTY_BODY = YES;
				CLANG_WARN_ENUM_CONVERSION = YES;
				CLANG_WARN_INFINITE_RECURSION = YES;
				CLANG_WARN_INT_CONVERSION = YES;
				CLANG_WARN_NON_LITERAL_NULL_CONVERSION = YES;
				CLANG_WARN_OBJC_IMPLICIT_RETAIN_SELF = YES;
				CLANG_WARN_OBJC_LITERAL_CONVERSION = YES;
				CLANG_WARN_OBJC_ROOT_CLASS = YES_ERROR;
				CLANG_WARN_RANGE_LOOP_ANALYSIS = YES;
				CLANG_WARN_STRICT_PROTOTYPES = YES;
				CLANG_WARN_SUSPICIOUS_MOVE = YES;
				CLANG_WARN_UNGUARDED_AVAILABILITY = YES_AGGRESSIVE;
				CLANG_WARN_UNREACHABLE_CODE = YES;
				CLANG_WARN__DUPLICATE_METHOD_MATCH = YES;
				COPY_PHASE_STRIP = NO;
				DEBUG_INFORMATION_FORMAT = "dwarf-with-dsym";
				ENABLE_NS_ASSERTIONS = NO;
				ENABLE_STRICT_OBJC_MSGSEND = YES;
				GCC_C_LANGUAGE_STANDARD = gnu11;
				GCC_NO_COMMON_BLOCKS = YES;
				GCC_WARN_64_TO_32_BIT_CONVERSION = YES;
				GCC_WARN_ABOUT_RETURN_TYPE = YES_ERROR;
				GCC_WARN_UNDECLARED_SELECTOR = YES;
				GCC_WARN_UNINITIALIZED_AUTOS = YES_AGGRESSIVE;
				GCC_WARN_UNUSED_FUNCTION = YES;
				GCC_WARN_UNUSED_VARIABLE = YES;
				IPHONEOS_DEPLOYMENT_TARGET = 13.6;
				MTL_ENABLE_DEBUG_INFO = NO;
				MTL_FAST_MATH = YES;
				SDKROOT = iphoneos;
				SWIFT_COMPILATION_MODE = wholemodule;
				SWIFT_OPTIMIZATION_LEVEL = "-O";
				VALIDATE_PRODUCT = YES;
			};
			name = Release;
		};
		034F1C8524FEF32E009A1480 /* Debug */ = {
			isa = XCBuildConfiguration;
			baseConfigurationReference = C2AB51EE14F85A9E6674FA97 /* Pods-FlixApp.debug.xcconfig */;
			buildSettings = {
				ASSETCATALOG_COMPILER_APPICON_NAME = AppIcon;
				CODE_SIGN_STYLE = Automatic;
				DEVELOPMENT_TEAM = G3L78HDX6S;
				INFOPLIST_FILE = FlixApp/Info.plist;
				LD_RUNPATH_SEARCH_PATHS = (
					"$(inherited)",
					"@executable_path/Frameworks",
				);
				PRODUCT_BUNDLE_IDENTIFIER = FlixApp.FlixApp;
				PRODUCT_NAME = "$(TARGET_NAME)";
				SWIFT_VERSION = 5.0;
				TARGETED_DEVICE_FAMILY = "1,2";
			};
			name = Debug;
		};
		034F1C8624FEF32E009A1480 /* Release */ = {
			isa = XCBuildConfiguration;
			baseConfigurationReference = BAD7869E8B83AEF3DB29A67A /* Pods-FlixApp.release.xcconfig */;
			buildSettings = {
				ASSETCATALOG_COMPILER_APPICON_NAME = AppIcon;
				CODE_SIGN_STYLE = Automatic;
				DEVELOPMENT_TEAM = G3L78HDX6S;
				INFOPLIST_FILE = FlixApp/Info.plist;
				LD_RUNPATH_SEARCH_PATHS = (
					"$(inherited)",
					"@executable_path/Frameworks",
				);
				PRODUCT_BUNDLE_IDENTIFIER = FlixApp.FlixApp;
				PRODUCT_NAME = "$(TARGET_NAME)";
				SWIFT_VERSION = 5.0;
				TARGETED_DEVICE_FAMILY = "1,2";
			};
			name = Release;
		};
		034F1C8824FEF32E009A1480 /* Debug */ = {
			isa = XCBuildConfiguration;
			baseConfigurationReference = 33A930753102AF71C9904B80 /* Pods-FlixAppTests.debug.xcconfig */;
			buildSettings = {
				ALWAYS_EMBED_SWIFT_STANDARD_LIBRARIES = YES;
				BUNDLE_LOADER = "$(TEST_HOST)";
				CODE_SIGN_STYLE = Automatic;
				DEVELOPMENT_TEAM = G3L78HDX6S;
				INFOPLIST_FILE = FlixAppTests/Info.plist;
				IPHONEOS_DEPLOYMENT_TARGET = 13.6;
				LD_RUNPATH_SEARCH_PATHS = (
					"$(inherited)",
					"@executable_path/Frameworks",
					"@loader_path/Frameworks",
				);
				PRODUCT_BUNDLE_IDENTIFIER = FlixApp.FlixAppTests;
				PRODUCT_NAME = "$(TARGET_NAME)";
				SWIFT_VERSION = 5.0;
				TARGETED_DEVICE_FAMILY = "1,2";
				TEST_HOST = "$(BUILT_PRODUCTS_DIR)/FlixApp.app/FlixApp";
			};
			name = Debug;
		};
		034F1C8924FEF32E009A1480 /* Release */ = {
			isa = XCBuildConfiguration;
			baseConfigurationReference = C8419D73233CFFBF4EAB8CC3 /* Pods-FlixAppTests.release.xcconfig */;
			buildSettings = {
				ALWAYS_EMBED_SWIFT_STANDARD_LIBRARIES = YES;
				BUNDLE_LOADER = "$(TEST_HOST)";
				CODE_SIGN_STYLE = Automatic;
				DEVELOPMENT_TEAM = G3L78HDX6S;
				INFOPLIST_FILE = FlixAppTests/Info.plist;
				IPHONEOS_DEPLOYMENT_TARGET = 13.6;
				LD_RUNPATH_SEARCH_PATHS = (
					"$(inherited)",
					"@executable_path/Frameworks",
					"@loader_path/Frameworks",
				);
				PRODUCT_BUNDLE_IDENTIFIER = FlixApp.FlixAppTests;
				PRODUCT_NAME = "$(TARGET_NAME)";
				SWIFT_VERSION = 5.0;
				TARGETED_DEVICE_FAMILY = "1,2";
				TEST_HOST = "$(BUILT_PRODUCTS_DIR)/FlixApp.app/FlixApp";
			};
			name = Release;
		};
		034F1C8B24FEF32E009A1480 /* Debug */ = {
			isa = XCBuildConfiguration;
			baseConfigurationReference = 0FF8EE8F02D8897E973D82BA /* Pods-FlixAppUITests.debug.xcconfig */;
			buildSettings = {
				ALWAYS_EMBED_SWIFT_STANDARD_LIBRARIES = YES;
				CODE_SIGN_STYLE = Automatic;
				DEVELOPMENT_TEAM = G3L78HDX6S;
				INFOPLIST_FILE = FlixAppUITests/Info.plist;
				LD_RUNPATH_SEARCH_PATHS = (
					"$(inherited)",
					"@executable_path/Frameworks",
					"@loader_path/Frameworks",
				);
				PRODUCT_BUNDLE_IDENTIFIER = FlixApp.FlixAppUITests;
				PRODUCT_NAME = "$(TARGET_NAME)";
				SWIFT_VERSION = 5.0;
				TARGETED_DEVICE_FAMILY = "1,2";
				TEST_TARGET_NAME = FlixApp;
			};
			name = Debug;
		};
		034F1C8C24FEF32E009A1480 /* Release */ = {
			isa = XCBuildConfiguration;
			baseConfigurationReference = 9A99192E8E3A3DDF7D03D9F2 /* Pods-FlixAppUITests.release.xcconfig */;
			buildSettings = {
				ALWAYS_EMBED_SWIFT_STANDARD_LIBRARIES = YES;
				CODE_SIGN_STYLE = Automatic;
				DEVELOPMENT_TEAM = G3L78HDX6S;
				INFOPLIST_FILE = FlixAppUITests/Info.plist;
				LD_RUNPATH_SEARCH_PATHS = (
					"$(inherited)",
					"@executable_path/Frameworks",
					"@loader_path/Frameworks",
				);
				PRODUCT_BUNDLE_IDENTIFIER = FlixApp.FlixAppUITests;
				PRODUCT_NAME = "$(TARGET_NAME)";
				SWIFT_VERSION = 5.0;
				TARGETED_DEVICE_FAMILY = "1,2";
				TEST_TARGET_NAME = FlixApp;
			};
			name = Release;
		};
/* End XCBuildConfiguration section */

/* Begin XCConfigurationList section */
		034F1C5524FEF32B009A1480 /* Build configuration list for PBXProject "FlixApp" */ = {
			isa = XCConfigurationList;
			buildConfigurations = (
				034F1C8224FEF32E009A1480 /* Debug */,
				034F1C8324FEF32E009A1480 /* Release */,
			);
			defaultConfigurationIsVisible = 0;
			defaultConfigurationName = Release;
		};
		034F1C8424FEF32E009A1480 /* Build configuration list for PBXNativeTarget "FlixApp" */ = {
			isa = XCConfigurationList;
			buildConfigurations = (
				034F1C8524FEF32E009A1480 /* Debug */,
				034F1C8624FEF32E009A1480 /* Release */,
			);
			defaultConfigurationIsVisible = 0;
			defaultConfigurationName = Release;
		};
		034F1C8724FEF32E009A1480 /* Build configuration list for PBXNativeTarget "FlixAppTests" */ = {
			isa = XCConfigurationList;
			buildConfigurations = (
				034F1C8824FEF32E009A1480 /* Debug */,
				034F1C8924FEF32E009A1480 /* Release */,
			);
			defaultConfigurationIsVisible = 0;
			defaultConfigurationName = Release;
		};
		034F1C8A24FEF32E009A1480 /* Build configuration list for PBXNativeTarget "FlixAppUITests" */ = {
			isa = XCConfigurationList;
			buildConfigurations = (
				034F1C8B24FEF32E009A1480 /* Debug */,
				034F1C8C24FEF32E009A1480 /* Release */,
			);
			defaultConfigurationIsVisible = 0;
			defaultConfigurationName = Release;
		};
/* End XCConfigurationList section */
	};
	rootObject = 034F1C5224FEF32B009A1480 /* Project object */;
}
